
Microsoft Visual Studio Solution File, Format Version 12.00
# Visual Studio Version 17
VisualStudioVersion = 17.0.32014.148
MinimumVisualStudioVersion = 10.0.40219.1
Project("{FAE04EC0-301F-11D3-BF4B-00C04F79EFBC}") = "Module4_HW4", "Module4_HW4\Module4_HW4.csproj", "{3AA690A6-AAC5-4837-9DE7-44762C17DE03}"
EndProject
Global
	GlobalSection(SolutionConfigurationPlatforms) = preSolution
		Debug|Any CPU = Debug|Any CPU
		Release|Any CPU = Release|Any CPU
	EndGlobalSection
	GlobalSection(ProjectConfigurationPlatforms) = postSolution
		{3AA690A6-AAC5-4837-9DE7-44762C17DE03}.Debug|Any CPU.ActiveCfg = Debug|Any CPU
		{3AA690A6-AAC5-4837-9DE7-44762C17DE03}.Debug|Any CPU.Build.0 = Debug|Any CPU
		{3AA690A6-AAC5-4837-9DE7-44762C17DE03}.Release|Any CPU.ActiveCfg = Release|Any CPU
		{3AA690A6-AAC5-4837-9DE7-44762C17DE03}.Release|Any CPU.Build.0 = Release|Any CPU
	EndGlobalSection
	GlobalSection(SolutionProperties) = preSolution
		HideSolutionNode = FALSE
	EndGlobalSection
	GlobalSection(ExtensibilityGlobals) = postSolution
		SolutionGuid = {42BCF745-3E89-4F47-B3FE-68D6042286DA}
	EndGlobalSection
EndGlobal
